{
  "name": "http-folder-sync",
  "version": "0.1.4",
  "lockfileVersion": 1,
  "requires": true,
  "dependencies": {
    "commander": {
      "version": "2.11.0",
      "resolved": "https://registry.npmjs.org/commander/-/commander-2.11.0.tgz",
      "integrity": "sha512-b0553uYA5YAEGgyYIGYROzKQ7X5RAqedkfjiZxwi0kL1g3bOaBNNZfYkzt/CL0umgD5wc9Jec2FbB98CjkMRvQ=="
    },
    "download-file": {
      "version": "0.1.5",
      "resolved": "https://registry.npmjs.org/download-file/-/download-file-0.1.5.tgz",
      "integrity": "sha1-ylC6ZNkJSwyHAu+f/5LSGJ4UERc="
    },
    "eslint": {
      "version": "4.2.0",
      "resolved": "https://registry.npmjs.org/eslint/-/eslint-4.2.0.tgz",
      "integrity": "sha1-orMYQRGxmOAunH88ymJaXgHFaz0=",
      "dev": true,
      "dependencies": {
        "ajv": {
          "version": "5.2.2",
          "resolved": "https://registry.npmjs.org/ajv/-/ajv-5.2.2.tgz",
          "integrity": "sha1-R8aNaehvXZUxA7AHSpQw3GPaXjk="
        },
        "debug": {
          "version": "2.6.8",
          "resolved": "https://registry.npmjs.org/debug/-/debug-2.6.8.tgz",
          "integrity": "sha1-5zFTHKLt4n0YgiJCfaF4IdaP9Pw="
        },
        "esprima": {
          "version": "4.0.0",
          "resolved": "https://registry.npmjs.org/esprima/-/esprima-4.0.0.tgz",
          "integrity": "sha512-oftTcaMu/EGrEIu904mWteKIv8vMuOgGYo7EhVJJN00R/EED9DCua/xxHRdYnKtcECzVg7xOWhflvJMnqcFZjw=="
        },
        "globals": {
          "version": "9.18.0",
          "resolved": "https://registry.npmjs.org/globals/-/globals-9.18.0.tgz",
          "integrity": "sha512-S0nG3CLEQiY/ILxqtztTWH/3iRRdyBLw6KMDxnKMchrtbj2OFmehVh0WUCfW3DUrIgx/qFrJPICrq4Z4sTR9UQ=="
        },
        "js-yaml": {
          "version": "3.9.0",
          "resolved": "https://registry.npmjs.org/js-yaml/-/js-yaml-3.9.0.tgz",
          "integrity": "sha512-0LoUNELX4S+iofCT8f4uEHIiRBR+c2AINyC8qRWfC6QNruLtxVZRJaPcu/xwMgFIgDxF25tGHaDjvxzJCNE9yw=="
        },
        "natural-compare": {
          "version": "1.4.0",
          "resolved": "https://registry.npmjs.org/natural-compare/-/natural-compare-1.4.0.tgz",
          "integrity": "sha1-Sr6/7tdUHywnrPspvbvRXI1bpPc="
        },
        "strip-json-comments": {
          "version": "2.0.1",
          "resolved": "https://registry.npmjs.org/strip-json-comments/-/strip-json-comments-2.0.1.tgz",
          "integrity": "sha1-PFMZQukIwml8DsNEhYwobHygpgo="
        }
      }
    },
    "express": {
      "version": "4.15.3",
      "resolved": "https://registry.npmjs.org/express/-/express-4.15.3.tgz",
      "integrity": "sha1-urZdDwOqgMNYQIly/HAPkWlEtmI="
    },
    "glob": {
      "version": "7.1.2",
      "resolved": "https://registry.npmjs.org/glob/-/glob-7.1.2.tgz",
      "integrity": "sha512-MJTUg1kjuLeQCJ+ccE4Vpa6kKVXkPYJ2mOCQyUuKLcLQsdrMCpBPUi8qVE6+YuaJkozeA9NusTAw3hLr8Xe5EQ=="
    },
    "lodash": {
      "version": "4.17.4",
      "resolved": "https://registry.npmjs.org/lodash/-/lodash-4.17.4.tgz",
      "integrity": "sha1-eCA6TRwyiuHYbcpkYONptX9AVa4="
    },
    "ngrok": {
      "version": "2.2.14",
      "resolved": "https://registry.npmjs.org/ngrok/-/ngrok-2.2.14.tgz",
      "integrity": "sha1-RhYIzi6PqkO8wIMGj5YF9B/FapA="
    },
    "node-watch": {
      "version": "0.5.5",
      "resolved": "https://registry.npmjs.org/node-watch/-/node-watch-0.5.5.tgz",
      "integrity": "sha512-z9xN2ibI6P0UylFadN7oMcIMsoTeCENC0rZyRM5MVK9AqzSPx+uGqKG6KMPeC/laOV4wOGZq/GH0PTstRNSqOA=="
    },
    "request": {
      "version": "2.81.0",
      "resolved": "https://registry.npmjs.org/request/-/request-2.81.0.tgz",
      "integrity": "sha1-xpKJRqDgbF+Nb4qTM0af/aRimKA="
    },
    "serve-index": {
      "version": "1.9.0",
      "resolved": "https://registry.npmjs.org/serve-index/-/serve-index-1.9.0.tgz",
      "integrity": "sha1-0rKA/FYNYW7oG0i/D6gqvtJIXOc=",
      "dependencies": {
        "debug": {
          "version": "2.6.8",
          "resolved": "https://registry.npmjs.org/debug/-/debug-2.6.8.tgz",
          "integrity": "sha1-5zFTHKLt4n0YgiJCfaF4IdaP9Pw="
        }
      }
    },
    "slash": {
      "version": "1.0.0",
      "resolved": "https://registry.npmjs.org/slash/-/slash-1.0.0.tgz",
      "integrity": "sha1-xB8vbDn8FtHNF61LXYlhFK5HDVU="
    },
    "socket.io": {
      "version": "2.0.3",
      "resolved": "https://registry.npmjs.org/socket.io/-/socket.io-2.0.3.tgz",
      "integrity": "sha1-Q1nwaiSTOua9CHeYr3jGgOrjReM="
    },
    "socket.io-client": {
      "version": "2.0.3",
      "resolved": "https://registry.npmjs.org/socket.io-client/-/socket.io-client-2.0.3.tgz",
      "integrity": "sha1-bK9K/5+FsZ/ZG2zhPWmttWT4hzs="
    }
  }
}
